
Microsoft Visual Studio Solution File, Format Version 12.00
# Visual Studio Version 16
VisualStudioVersion = 16.0.34729.46
MinimumVisualStudioVersion = 10.0.40219.1
Project("{FAE04EC0-301F-11D3-BF4B-00C04F79EFBC}") = "FoodItems", "FoodItems\FoodItems.csproj", "{3E4CD4AF-49DC-4E62-AF97-DEEA1AE4D022}"
EndProject
Project("{FAE04EC0-301F-11D3-BF4B-00C04F79EFBC}") = "FoodItem.Models", "FoodItem.Models\FoodItem.Models.csproj", "{7B405B51-74D6-4A03-AB12-6A71A2C10E2A}"
EndProject
Project("{FAE04EC0-301F-11D3-BF4B-00C04F79EFBC}") = "FoodItem.Repository", "FoodItem.Repository\FoodItem.Repository.csproj", "{4056E031-861E-43B5-9B11-635CFE055E6C}"
EndProject
Project("{FAE04EC0-301F-11D3-BF4B-00C04F79EFBC}") = "FoodItem.Helpers", "FoodItem.Helpers\FoodItem.Helpers.csproj", "{CC0E5C90-E8DB-4367-8AC5-43E924434E66}"
EndProject
Global
	GlobalSection(SolutionConfigurationPlatforms) = preSolution
		Debug|Any CPU = Debug|Any CPU
		Release|Any CPU = Release|Any CPU
	EndGlobalSection
	GlobalSection(ProjectConfigurationPlatforms) = postSolution
		{3E4CD4AF-49DC-4E62-AF97-DEEA1AE4D022}.Debug|Any CPU.ActiveCfg = Debug|Any CPU
		{3E4CD4AF-49DC-4E62-AF97-DEEA1AE4D022}.Debug|Any CPU.Build.0 = Debug|Any CPU
		{3E4CD4AF-49DC-4E62-AF97-DEEA1AE4D022}.Release|Any CPU.ActiveCfg = Release|Any CPU
		{3E4CD4AF-49DC-4E62-AF97-DEEA1AE4D022}.Release|Any CPU.Build.0 = Release|Any CPU
		{7B405B51-74D6-4A03-AB12-6A71A2C10E2A}.Debug|Any CPU.ActiveCfg = Debug|Any CPU
		{7B405B51-74D6-4A03-AB12-6A71A2C10E2A}.Debug|Any CPU.Build.0 = Debug|Any CPU
		{7B405B51-74D6-4A03-AB12-6A71A2C10E2A}.Release|Any CPU.ActiveCfg = Release|Any CPU
		{7B405B51-74D6-4A03-AB12-6A71A2C10E2A}.Release|Any CPU.Build.0 = Release|Any CPU
		{4056E031-861E-43B5-9B11-635CFE055E6C}.Debug|Any CPU.ActiveCfg = Debug|Any CPU
		{4056E031-861E-43B5-9B11-635CFE055E6C}.Debug|Any CPU.Build.0 = Debug|Any CPU
		{4056E031-861E-43B5-9B11-635CFE055E6C}.Release|Any CPU.ActiveCfg = Release|Any CPU
		{4056E031-861E-43B5-9B11-635CFE055E6C}.Release|Any CPU.Build.0 = Release|Any CPU
		{CC0E5C90-E8DB-4367-8AC5-43E924434E66}.Debug|Any CPU.ActiveCfg = Debug|Any CPU
		{CC0E5C90-E8DB-4367-8AC5-43E924434E66}.Debug|Any CPU.Build.0 = Debug|Any CPU
		{CC0E5C90-E8DB-4367-8AC5-43E924434E66}.Release|Any CPU.ActiveCfg = Release|Any CPU
		{CC0E5C90-E8DB-4367-8AC5-43E924434E66}.Release|Any CPU.Build.0 = Release|Any CPU
	EndGlobalSection
	GlobalSection(SolutionProperties) = preSolution
		HideSolutionNode = FALSE
	EndGlobalSection
	GlobalSection(ExtensibilityGlobals) = postSolution
		SolutionGuid = {E33BD969-AD6B-4D68-828B-F4F644F5C501}
	EndGlobalSection
EndGlobal
